
Microsoft Visual Studio Solution File, Format Version 12.00
# Visual Studio Version 17
VisualStudioVersion = 17.6.33417.168
MinimumVisualStudioVersion = 10.0.40219.1
Project("{FAE04EC0-301F-11D3-BF4B-00C04F79EFBC}") = "Remore.Server", "Remore.Server\Remore.Server.csproj", "{4C79B2AE-3A3F-4E3B-9F7B-3B7B18132668}"
EndProject
Project("{FAE04EC0-301F-11D3-BF4B-00C04F79EFBC}") = "Remore.Shared", "Remore.Shared\Remore.Shared.csproj", "{FB2AE976-06B8-400F-B62C-A620227C2AAD}"
EndProject
Global
	GlobalSection(SolutionConfigurationPlatforms) = preSolution
		Debug|Any CPU = Debug|Any CPU
		Release|Any CPU = Release|Any CPU
	EndGlobalSection
	GlobalSection(ProjectConfigurationPlatforms) = postSolution
		{4C79B2AE-3A3F-4E3B-9F7B-3B7B18132668}.Debug|Any CPU.ActiveCfg = Debug|Any CPU
		{4C79B2AE-3A3F-4E3B-9F7B-3B7B18132668}.Debug|Any CPU.Build.0 = Debug|Any CPU
		{4C79B2AE-3A3F-4E3B-9F7B-3B7B18132668}.Release|Any CPU.ActiveCfg = Release|Any CPU
		{4C79B2AE-3A3F-4E3B-9F7B-3B7B18132668}.Release|Any CPU.Build.0 = Release|Any CPU
		{FB2AE976-06B8-400F-B62C-A620227C2AAD}.Debug|Any CPU.ActiveCfg = Debug|Any CPU
		{FB2AE976-06B8-400F-B62C-A620227C2AAD}.Debug|Any CPU.Build.0 = Debug|Any CPU
		{FB2AE976-06B8-400F-B62C-A620227C2AAD}.Release|Any CPU.ActiveCfg = Release|Any CPU
		{FB2AE976-06B8-400F-B62C-A620227C2AAD}.Release|Any CPU.Build.0 = Release|Any CPU
	EndGlobalSection
	GlobalSection(SolutionProperties) = preSolution
		HideSolutionNode = FALSE
	EndGlobalSection
	GlobalSection(ExtensibilityGlobals) = postSolution
		SolutionGuid = {2E471FD0-17F8-4915-8357-6FA59874818A}
	EndGlobalSection
EndGlobal
